
Microsoft Visual Studio Solution File, Format Version 12.00
# Visual Studio Version 17
VisualStudioVersion = 17.0.32112.339
MinimumVisualStudioVersion = 10.0.40219.1
Project("{FAE04EC0-301F-11D3-BF4B-00C04F79EFBC}") = "Lab_5", "Lab_5\Lab_5.csproj", "{7AB9386E-ABBD-48F3-9B65-3E7112F210CA}"
EndProject
Global
	GlobalSection(SolutionConfigurationPlatforms) = preSolution
		Debug|Any CPU = Debug|Any CPU
		Release|Any CPU = Release|Any CPU
	EndGlobalSection
	GlobalSection(ProjectConfigurationPlatforms) = postSolution
		{7AB9386E-ABBD-48F3-9B65-3E7112F210CA}.Debug|Any CPU.ActiveCfg = Debug|Any CPU
		{7AB9386E-ABBD-48F3-9B65-3E7112F210CA}.Debug|Any CPU.Build.0 = Debug|Any CPU
		{7AB9386E-ABBD-48F3-9B65-3E7112F210CA}.Release|Any CPU.ActiveCfg = Release|Any CPU
		{7AB9386E-ABBD-48F3-9B65-3E7112F210CA}.Release|Any CPU.Build.0 = Release|Any CPU
	EndGlobalSection
	GlobalSection(SolutionProperties) = preSolution
		HideSolutionNode = FALSE
	EndGlobalSection
	GlobalSection(ExtensibilityGlobals) = postSolution
		SolutionGuid = {87B51A9F-F9E6-4FD3-A15F-A9DA211547D3}
	EndGlobalSection
EndGlobal
